
Microsoft Visual Studio Solution File, Format Version 12.00
# Visual Studio Version 16
VisualStudioVersion = 16.0.32428.217
MinimumVisualStudioVersion = 10.0.40219.1
Project("{FAE04EC0-301F-11D3-BF4B-00C04F79EFBC}") = "arraysorttask", "arraysorttask\arraysorttask.csproj", "{879C1011-E240-4398-88D7-39873555ED02}"
EndProject
Global
	GlobalSection(SolutionConfigurationPlatforms) = preSolution
		Debug|Any CPU = Debug|Any CPU
		Release|Any CPU = Release|Any CPU
	EndGlobalSection
	GlobalSection(ProjectConfigurationPlatforms) = postSolution
		{879C1011-E240-4398-88D7-39873555ED02}.Debug|Any CPU.ActiveCfg = Debug|Any CPU
		{879C1011-E240-4398-88D7-39873555ED02}.Debug|Any CPU.Build.0 = Debug|Any CPU
		{879C1011-E240-4398-88D7-39873555ED02}.Release|Any CPU.ActiveCfg = Release|Any CPU
		{879C1011-E240-4398-88D7-39873555ED02}.Release|Any CPU.Build.0 = Release|Any CPU
	EndGlobalSection
	GlobalSection(SolutionProperties) = preSolution
		HideSolutionNode = FALSE
	EndGlobalSection
	GlobalSection(ExtensibilityGlobals) = postSolution
		SolutionGuid = {E046190D-BA56-4614-B0CE-F2F4B817D46C}
	EndGlobalSection
EndGlobal
